
Microsoft Visual Studio Solution File, Format Version 12.00
# Visual Studio Version 17
VisualStudioVersion = 17.0.31903.59
MinimumVisualStudioVersion = 10.0.40219.1
Project("{FAE04EC0-301F-11D3-BF4B-00C04F79EFBC}") = "CompanyChatService.Domain", "CompanyChatService.Domain\CompanyChatService.Domain.csproj", "{964A05B1-BB9A-49F8-8F25-243CF974CC06}"
EndProject
Project("{FAE04EC0-301F-11D3-BF4B-00C04F79EFBC}") = "CompanyChatService.Application", "CompanyChatService.Application\CompanyChatService.Application.csproj", "{2C4DBC11-AF15-4C7F-ABCB-1CBAC909864A}"
EndProject
Project("{FAE04EC0-301F-11D3-BF4B-00C04F79EFBC}") = "CompanyChatService.Infrastructure", "CompanyChatService.Infrastructure\CompanyChatService.Infrastructure.csproj", "{D367D580-A1DA-4CD1-9ADA-4A80380351E4}"
EndProject
Project("{FAE04EC0-301F-11D3-BF4B-00C04F79EFBC}") = "CompanyChatService.WebAPI", "CompanyChatService.WebAPI\CompanyChatService.WebAPI.csproj", "{0DBD31FF-98B9-4EE7-898B-086036D50255}"
EndProject
Project("{2150E333-8FDC-42A3-9474-1A3956D46DE8}") = "SolutionItems", "SolutionItems", "{F6F462E1-D058-33EE-9A35-BBD49B846676}"
	ProjectSection(SolutionItems) = preProject
		Directory.Packages.props = Directory.Packages.props
		Directory.Build.props = Directory.Build.props
	EndProjectSection
EndProject
Global
	GlobalSection(SolutionConfigurationPlatforms) = preSolution
		Debug|Any CPU = Debug|Any CPU
		Debug|x64 = Debug|x64
		Debug|x86 = Debug|x86
		Release|Any CPU = Release|Any CPU
		Release|x64 = Release|x64
		Release|x86 = Release|x86
	EndGlobalSection
	GlobalSection(ProjectConfigurationPlatforms) = postSolution
		{964A05B1-BB9A-49F8-8F25-243CF974CC06}.Debug|Any CPU.ActiveCfg = Debug|Any CPU
		{964A05B1-BB9A-49F8-8F25-243CF974CC06}.Debug|Any CPU.Build.0 = Debug|Any CPU
		{964A05B1-BB9A-49F8-8F25-243CF974CC06}.Debug|x64.ActiveCfg = Debug|Any CPU
		{964A05B1-BB9A-49F8-8F25-243CF974CC06}.Debug|x64.Build.0 = Debug|Any CPU
		{964A05B1-BB9A-49F8-8F25-243CF974CC06}.Debug|x86.ActiveCfg = Debug|Any CPU
		{964A05B1-BB9A-49F8-8F25-243CF974CC06}.Debug|x86.Build.0 = Debug|Any CPU
		{964A05B1-BB9A-49F8-8F25-243CF974CC06}.Release|Any CPU.ActiveCfg = Release|Any CPU
		{964A05B1-BB9A-49F8-8F25-243CF974CC06}.Release|Any CPU.Build.0 = Release|Any CPU
		{964A05B1-BB9A-49F8-8F25-243CF974CC06}.Release|x64.ActiveCfg = Release|Any CPU
		{964A05B1-BB9A-49F8-8F25-243CF974CC06}.Release|x64.Build.0 = Release|Any CPU
		{964A05B1-BB9A-49F8-8F25-243CF974CC06}.Release|x86.ActiveCfg = Release|Any CPU
		{964A05B1-BB9A-49F8-8F25-243CF974CC06}.Release|x86.Build.0 = Release|Any CPU
		{2C4DBC11-AF15-4C7F-ABCB-1CBAC909864A}.Debug|Any CPU.ActiveCfg = Debug|Any CPU
		{2C4DBC11-AF15-4C7F-ABCB-1CBAC909864A}.Debug|Any CPU.Build.0 = Debug|Any CPU
		{2C4DBC11-AF15-4C7F-ABCB-1CBAC909864A}.Debug|x64.ActiveCfg = Debug|Any CPU
		{2C4DBC11-AF15-4C7F-ABCB-1CBAC909864A}.Debug|x64.Build.0 = Debug|Any CPU
		{2C4DBC11-AF15-4C7F-ABCB-1CBAC909864A}.Debug|x86.ActiveCfg = Debug|Any CPU
		{2C4DBC11-AF15-4C7F-ABCB-1CBAC909864A}.Debug|x86.Build.0 = Debug|Any CPU
		{2C4DBC11-AF15-4C7F-ABCB-1CBAC909864A}.Release|Any CPU.ActiveCfg = Release|Any CPU
		{2C4DBC11-AF15-4C7F-ABCB-1CBAC909864A}.Release|Any CPU.Build.0 = Release|Any CPU
		{2C4DBC11-AF15-4C7F-ABCB-1CBAC909864A}.Release|x64.ActiveCfg = Release|Any CPU
		{2C4DBC11-AF15-4C7F-ABCB-1CBAC909864A}.Release|x64.Build.0 = Release|Any CPU
		{2C4DBC11-AF15-4C7F-ABCB-1CBAC909864A}.Release|x86.ActiveCfg = Release|Any CPU
		{2C4DBC11-AF15-4C7F-ABCB-1CBAC909864A}.Release|x86.Build.0 = Release|Any CPU
		{D367D580-A1DA-4CD1-9ADA-4A80380351E4}.Debug|Any CPU.ActiveCfg = Debug|Any CPU
		{D367D580-A1DA-4CD1-9ADA-4A80380351E4}.Debug|Any CPU.Build.0 = Debug|Any CPU
		{D367D580-A1DA-4CD1-9ADA-4A80380351E4}.Debug|x64.ActiveCfg = Debug|Any CPU
		{D367D580-A1DA-4CD1-9ADA-4A80380351E4}.Debug|x64.Build.0 = Debug|Any CPU
		{D367D580-A1DA-4CD1-9ADA-4A80380351E4}.Debug|x86.ActiveCfg = Debug|Any CPU
		{D367D580-A1DA-4CD1-9ADA-4A80380351E4}.Debug|x86.Build.0 = Debug|Any CPU
		{D367D580-A1DA-4CD1-9ADA-4A80380351E4}.Release|Any CPU.ActiveCfg = Release|Any CPU
		{D367D580-A1DA-4CD1-9ADA-4A80380351E4}.Release|Any CPU.Build.0 = Release|Any CPU
		{D367D580-A1DA-4CD1-9ADA-4A80380351E4}.Release|x64.ActiveCfg = Release|Any CPU
		{D367D580-A1DA-4CD1-9ADA-4A80380351E4}.Release|x64.Build.0 = Release|Any CPU
		{D367D580-A1DA-4CD1-9ADA-4A80380351E4}.Release|x86.ActiveCfg = Release|Any CPU
		{D367D580-A1DA-4CD1-9ADA-4A80380351E4}.Release|x86.Build.0 = Release|Any CPU
		{0DBD31FF-98B9-4EE7-898B-086036D50255}.Debug|Any CPU.ActiveCfg = Debug|Any CPU
		{0DBD31FF-98B9-4EE7-898B-086036D50255}.Debug|Any CPU.Build.0 = Debug|Any CPU
		{0DBD31FF-98B9-4EE7-898B-086036D50255}.Debug|x64.ActiveCfg = Debug|Any CPU
		{0DBD31FF-98B9-4EE7-898B-086036D50255}.Debug|x64.Build.0 = Debug|Any CPU
		{0DBD31FF-98B9-4EE7-898B-086036D50255}.Debug|x86.ActiveCfg = Debug|Any CPU
		{0DBD31FF-98B9-4EE7-898B-086036D50255}.Debug|x86.Build.0 = Debug|Any CPU
		{0DBD31FF-98B9-4EE7-898B-086036D50255}.Release|Any CPU.ActiveCfg = Release|Any CPU
		{0DBD31FF-98B9-4EE7-898B-086036D50255}.Release|Any CPU.Build.0 = Release|Any CPU
		{0DBD31FF-98B9-4EE7-898B-086036D50255}.Release|x64.ActiveCfg = Release|Any CPU
		{0DBD31FF-98B9-4EE7-898B-086036D50255}.Release|x64.Build.0 = Release|Any CPU
		{0DBD31FF-98B9-4EE7-898B-086036D50255}.Release|x86.ActiveCfg = Release|Any CPU
		{0DBD31FF-98B9-4EE7-898B-086036D50255}.Release|x86.Build.0 = Release|Any CPU
	EndGlobalSection
	GlobalSection(SolutionProperties) = preSolution
		HideSolutionNode = FALSE
	EndGlobalSection
EndGlobal
